// !$*UTF8*$!
{
	archiveVersion = 1;
	classes = {
	};
	objectVersion = 46;
	objects = {

/* Begin PBXBuildFile section */
		1201584E1D12E2F400055BA5 /* Drink.swift in Sources */ = {isa = PBXBuildFile; fileRef = 1201584D1D12E2F400055BA5 /* Drink.swift */; };
		120158501D12E35A00055BA5 /* Bar.swift in Sources */ = {isa = PBXBuildFile; fileRef = 1201584F1D12E35A00055BA5 /* Bar.swift */; };
		120158521D12ED2D00055BA5 /* Order.swift in Sources */ = {isa = PBXBuildFile; fileRef = 120158511D12ED2D00055BA5 /* Order.swift */; };
		1209EB661D2060480031A64D /* signUpPhoto.jpeg in Resources */ = {isa = PBXBuildFile; fileRef = 1209EB651D2060480031A64D /* signUpPhoto.jpeg */; };
		122033A71D1880FC005BFF5A /* orderCell.swift in Sources */ = {isa = PBXBuildFile; fileRef = 122033A61D1880FC005BFF5A /* orderCell.swift */; };
		125960341D220F52008487F4 /* Icon-40@2x.png in Resources */ = {isa = PBXBuildFile; fileRef = 125960301D220F52008487F4 /* Icon-40@2x.png */; };
		125960351D220F52008487F4 /* Icon-40@3x.png in Resources */ = {isa = PBXBuildFile; fileRef = 125960311D220F52008487F4 /* Icon-40@3x.png */; };
		125960361D220F52008487F4 /* Icon-60@2x.png in Resources */ = {isa = PBXBuildFile; fileRef = 125960321D220F52008487F4 /* Icon-60@2x.png */; };
		125960371D220F52008487F4 /* Icon-60@3x.png in Resources */ = {isa = PBXBuildFile; fileRef = 125960331D220F52008487F4 /* Icon-60@3x.png */; };
		12B859851D0B02C000E883A6 /* AppDelegate.swift in Sources */ = {isa = PBXBuildFile; fileRef = 12B859841D0B02C000E883A6 /* AppDelegate.swift */; };
		12B859871D0B02C000E883A6 /* BarSignUpViewController.swift in Sources */ = {isa = PBXBuildFile; fileRef = 12B859861D0B02C000E883A6 /* BarSignUpViewController.swift */; };
		12B8598A1D0B02C000E883A6 /* Main.storyboard in Resources */ = {isa = PBXBuildFile; fileRef = 12B859881D0B02C000E883A6 /* Main.storyboard */; };
		12B8598C1D0B02C000E883A6 /* Assets.xcassets in Resources */ = {isa = PBXBuildFile; fileRef = 12B8598B1D0B02C000E883A6 /* Assets.xcassets */; };
		12B8598F1D0B02C000E883A6 /* LaunchScreen.storyboard in Resources */ = {isa = PBXBuildFile; fileRef = 12B8598D1D0B02C000E883A6 /* LaunchScreen.storyboard */; };
		12B859991D0B0A7E00E883A6 /* LoginViewController.swift in Sources */ = {isa = PBXBuildFile; fileRef = 12B859981D0B0A7E00E883A6 /* LoginViewController.swift */; };
		12B8599F1D0B296F00E883A6 /* GoogleService-Info.plist in Resources */ = {isa = PBXBuildFile; fileRef = 12B8599E1D0B296F00E883A6 /* GoogleService-Info.plist */; };
		12B859A11D0EFACE00E883A6 /* OrderTableViewController.swift in Sources */ = {isa = PBXBuildFile; fileRef = 12B859A01D0EFACE00E883A6 /* OrderTableViewController.swift */; };
		12B859A51D10770B00E883A6 /* possibleBackground1.jpg in Resources */ = {isa = PBXBuildFile; fileRef = 12B859A41D10770B00E883A6 /* possibleBackground1.jpg */; };
		12B859A71D10772500E883A6 /* possibleBackground1.jpg in Resources */ = {isa = PBXBuildFile; fileRef = 12B859A61D10772500E883A6 /* possibleBackground1.jpg */; };
		12B859D41D11A18700E883A6 /* User.swift in Sources */ = {isa = PBXBuildFile; fileRef = 12B859D31D11A18700E883A6 /* User.swift */; };
		AC280EA532414B4B129FC562 /* Pods_BarMate.framework in Frameworks */ = {isa = PBXBuildFile; fileRef = 3AF10D402CD540B6C5A0138B /* Pods_BarMate.framework */; };
/* End PBXBuildFile section */

/* Begin PBXFileReference section */
		1201584D1D12E2F400055BA5 /* Drink.swift */ = {isa = PBXFileReference; fileEncoding = 4; lastKnownFileType = sourcecode.swift; path = Drink.swift; sourceTree = "<group>"; };
		1201584F1D12E35A00055BA5 /* Bar.swift */ = {isa = PBXFileReference; fileEncoding = 4; lastKnownFileType = sourcecode.swift; path = Bar.swift; sourceTree = "<group>"; };
		120158511D12ED2D00055BA5 /* Order.swift */ = {isa = PBXFileReference; fileEncoding = 4; lastKnownFileType = sourcecode.swift; path = Order.swift; sourceTree = "<group>"; };
		1209EB651D2060480031A64D /* signUpPhoto.jpeg */ = {isa = PBXFileReference; lastKnownFileType = image.jpeg; path = signUpPhoto.jpeg; sourceTree = "<group>"; };
		122033A61D1880FC005BFF5A /* orderCell.swift */ = {isa = PBXFileReference; fileEncoding = 4; lastKnownFileType = sourcecode.swift; path = orderCell.swift; sourceTree = "<group>"; };
		125960301D220F52008487F4 /* Icon-40@2x.png */ = {isa = PBXFileReference; lastKnownFileType = image.png; path = "Icon-40@2x.png"; sourceTree = "<group>"; };
		125960311D220F52008487F4 /* Icon-40@3x.png */ = {isa = PBXFileReference; lastKnownFileType = image.png; path = "Icon-40@3x.png"; sourceTree = "<group>"; };
		125960321D220F52008487F4 /* Icon-60@2x.png */ = {isa = PBXFileReference; lastKnownFileType = image.png; path = "Icon-60@2x.png"; sourceTree = "<group>"; };
		125960331D220F52008487F4 /* Icon-60@3x.png */ = {isa = PBXFileReference; lastKnownFileType = image.png; path = "Icon-60@3x.png"; sourceTree = "<group>"; };
		12B859811D0B02C000E883A6 /* Bar Mate.app */ = {isa = PBXFileReference; explicitFileType = wrapper.application; includeInIndex = 0; path = "Bar Mate.app"; sourceTree = BUILT_PRODUCTS_DIR; };
		12B859841D0B02C000E883A6 /* AppDelegate.swift */ = {isa = PBXFileReference; lastKnownFileType = sourcecode.swift; path = AppDelegate.swift; sourceTree = "<group>"; };
		12B859861D0B02C000E883A6 /* BarSignUpViewController.swift */ = {isa = PBXFileReference; lastKnownFileType = sourcecode.swift; path = BarSignUpViewController.swift; sourceTree = "<group>"; };
		12B859891D0B02C000E883A6 /* Base */ = {isa = PBXFileReference; lastKnownFileType = file.storyboard; name = Base; path = Base.lproj/Main.storyboard; sourceTree = "<group>"; };
		12B8598B1D0B02C000E883A6 /* Assets.xcassets */ = {isa = PBXFileReference; lastKnownFileType = folder.assetcatalog; path = Assets.xcassets; sourceTree = "<group>"; };
		12B8598E1D0B02C000E883A6 /* Base */ = {isa = PBXFileReference; lastKnownFileType = file.storyboard; name = Base; path = Base.lproj/LaunchScreen.storyboard; sourceTree = "<group>"; };
		12B859901D0B02C000E883A6 /* Info.plist */ = {isa = PBXFileReference; lastKnownFileType = text.plist.xml; path = Info.plist; sourceTree = "<group>"; };
		12B859981D0B0A7E00E883A6 /* LoginViewController.swift */ = {isa = PBXFileReference; fileEncoding = 4; lastKnownFileType = sourcecode.swift; path = LoginViewController.swift; sourceTree = "<group>"; };
		12B8599E1D0B296F00E883A6 /* GoogleService-Info.plist */ = {isa = PBXFileReference; fileEncoding = 4; lastKnownFileType = text.plist.xml; path = "GoogleService-Info.plist"; sourceTree = "<group>"; };
		12B859A01D0EFACE00E883A6 /* OrderTableViewController.swift */ = {isa = PBXFileReference; fileEncoding = 4; lastKnownFileType = sourcecode.swift; path = OrderTableViewController.swift; sourceTree = "<group>"; };
		12B859A41D10770B00E883A6 /* possibleBackground1.jpg */ = {isa = PBXFileReference; lastKnownFileType = image.jpeg; path = possibleBackground1.jpg; sourceTree = "<group>"; };
		12B859A61D10772500E883A6 /* possibleBackground1.jpg */ = {isa = PBXFileReference; lastKnownFileType = image.jpeg; path = possibleBackground1.jpg; sourceTree = "<group>"; };
		12B859D31D11A18700E883A6 /* User.swift */ = {isa = PBXFileReference; fileEncoding = 4; lastKnownFileType = sourcecode.swift; path = User.swift; sourceTree = "<group>"; };
		3AF10D402CD540B6C5A0138B /* Pods_BarMate.framework */ = {isa = PBXFileReference; explicitFileType = wrapper.framework; includeInIndex = 0; path = Pods_BarMate.framework; sourceTree = BUILT_PRODUCTS_DIR; };
		6839321182F643C35B0BB312 /* Pods-BarMate.debug.xcconfig */ = {isa = PBXFileReference; includeInIndex = 1; lastKnownFileType = text.xcconfig; name = "Pods-BarMate.debug.xcconfig"; path = "Pods/Target Support Files/Pods-BarMate/Pods-BarMate.debug.xcconfig"; sourceTree = "<group>"; };
		B9133997B4543C36D80D68C7 /* Pods-BarMate.release.xcconfig */ = {isa = PBXFileReference; includeInIndex = 1; lastKnownFileType = text.xcconfig; name = "Pods-BarMate.release.xcconfig"; path = "Pods/Target Support Files/Pods-BarMate/Pods-BarMate.release.xcconfig"; sourceTree = "<group>"; };
/* End PBXFileReference section */

/* Begin PBXFrameworksBuildPhase section */
		12B8597E1D0B02C000E883A6 /* Frameworks */ = {
			isa = PBXFrameworksBuildPhase;
			buildActionMask = 2147483647;
			files = (
				AC280EA532414B4B129FC562 /* Pods_BarMate.framework in Frameworks */,
			);
			runOnlyForDeploymentPostprocessing = 0;
		};
/* End PBXFrameworksBuildPhase section */

/* Begin PBXGroup section */
		11BFA87BFCEACAD78F28F547 /* Pods */ = {
			isa = PBXGroup;
			children = (
				6839321182F643C35B0BB312 /* Pods-BarMate.debug.xcconfig */,
				B9133997B4543C36D80D68C7 /* Pods-BarMate.release.xcconfig */,
			);
			name = Pods;
			sourceTree = "<group>";
		};
		1259602F1D220F2C008487F4 /* icons */ = {
			isa = PBXGroup;
			children = (
				125960301D220F52008487F4 /* Icon-40@2x.png */,
				125960311D220F52008487F4 /* Icon-40@3x.png */,
				125960321D220F52008487F4 /* Icon-60@2x.png */,
				125960331D220F52008487F4 /* Icon-60@3x.png */,
			);
			name = icons;
			sourceTree = "<group>";
		};
		12B859781D0B02C000E883A6 = {
			isa = PBXGroup;
			children = (
				1209EB651D2060480031A64D /* signUpPhoto.jpeg */,
				12B859A41D10770B00E883A6 /* possibleBackground1.jpg */,
				12B859A61D10772500E883A6 /* possibleBackground1.jpg */,
				12B8599E1D0B296F00E883A6 /* GoogleService-Info.plist */,
				12B859831D0B02C000E883A6 /* BarMate */,
				12B859821D0B02C000E883A6 /* Products */,
				11BFA87BFCEACAD78F28F547 /* Pods */,
				AFF52C3CE163EC9D0FC1AE62 /* Frameworks */,
			);
			sourceTree = "<group>";
		};
		12B859821D0B02C000E883A6 /* Products */ = {
			isa = PBXGroup;
			children = (
				12B859811D0B02C000E883A6 /* Bar Mate.app */,
			);
			name = Products;
			sourceTree = "<group>";
		};
		12B859831D0B02C000E883A6 /* BarMate */ = {
			isa = PBXGroup;
			children = (
				1259602F1D220F2C008487F4 /* icons */,
				12B859841D0B02C000E883A6 /* AppDelegate.swift */,
				12B859D21D11A15F00E883A6 /* Objects */,
				12B859A91D10792200E883A6 /* storyboard */,
				12B859A81D1078FA00E883A6 /* viewControllers */,
				12B8598B1D0B02C000E883A6 /* Assets.xcassets */,
				12B859901D0B02C000E883A6 /* Info.plist */,
			);
			path = BarMate;
			sourceTree = "<group>";
		};
		12B859A81D1078FA00E883A6 /* viewControllers */ = {
			isa = PBXGroup;
			children = (
				12B859861D0B02C000E883A6 /* BarSignUpViewController.swift */,
				12B859981D0B0A7E00E883A6 /* LoginViewController.swift */,
				12B859A01D0EFACE00E883A6 /* OrderTableViewController.swift */,
			);
			name = viewControllers;
			sourceTree = "<group>";
		};
		12B859A91D10792200E883A6 /* storyboard */ = {
			isa = PBXGroup;
			children = (
				12B8598D1D0B02C000E883A6 /* LaunchScreen.storyboard */,
				12B859881D0B02C000E883A6 /* Main.storyboard */,
			);
			name = storyboard;
			sourceTree = "<group>";
		};
		12B859D21D11A15F00E883A6 /* Objects */ = {
			isa = PBXGroup;
			children = (
				12B859D31D11A18700E883A6 /* User.swift */,
				1201584D1D12E2F400055BA5 /* Drink.swift */,
				1201584F1D12E35A00055BA5 /* Bar.swift */,
				120158511D12ED2D00055BA5 /* Order.swift */,
				122033A61D1880FC005BFF5A /* orderCell.swift */,
			);
			name = Objects;
			sourceTree = "<group>";
		};
		AFF52C3CE163EC9D0FC1AE62 /* Frameworks */ = {
			isa = PBXGroup;
			children = (
				3AF10D402CD540B6C5A0138B /* Pods_BarMate.framework */,
			);
			name = Frameworks;
			sourceTree = "<group>";
		};
/* End PBXGroup section */

/* Begin PBXNativeTarget section */
		12B859801D0B02C000E883A6 /* Bar Mate */ = {
			isa = PBXNativeTarget;
			buildConfigurationList = 12B859931D0B02C000E883A6 /* Build configuration list for PBXNativeTarget "Bar Mate" */;
			buildPhases = (
				DA85BF3C36D3511AFFCB235E /* 📦 Check Pods Manifest.lock */,
				12B8597D1D0B02C000E883A6 /* Sources */,
				12B8597E1D0B02C000E883A6 /* Frameworks */,
				12B8597F1D0B02C000E883A6 /* Resources */,
				FC708E0C263F87D4A717AC79 /* 📦 Embed Pods Frameworks */,
				6779C66CB49FCA3F87814D98 /* 📦 Copy Pods Resources */,
			);
			buildRules = (
			);
			dependencies = (
			);
			name = "Bar Mate";
			productName = BarMate;
			productReference = 12B859811D0B02C000E883A6 /* Bar Mate.app */;
			productType = "com.apple.product-type.application";
		};
/* End PBXNativeTarget section */

/* Begin PBXProject section */
		12B859791D0B02C000E883A6 /* Project object */ = {
			isa = PBXProject;
			attributes = {
				LastSwiftUpdateCheck = 0730;
				LastUpgradeCheck = 0730;
				ORGANIZATIONNAME = "Jorge Catalan";
				TargetAttributes = {
					12B859801D0B02C000E883A6 = {
						CreatedOnToolsVersion = 7.3;
						DevelopmentTeam = DFHMFVHWS2;
					};
				};
			};
			buildConfigurationList = 12B8597C1D0B02C000E883A6 /* Build configuration list for PBXProject "Bar Mate" */;
			compatibilityVersion = "Xcode 3.2";
			developmentRegion = English;
			hasScannedForEncodings = 0;
			knownRegions = (
				en,
				Base,
			);
			mainGroup = 12B859781D0B02C000E883A6;
			productRefGroup = 12B859821D0B02C000E883A6 /* Products */;
			projectDirPath = "";
			projectRoot = "";
			targets = (
				12B859801D0B02C000E883A6 /* Bar Mate */,
			);
		};
/* End PBXProject section */

/* Begin PBXResourcesBuildPhase section */
		12B8597F1D0B02C000E883A6 /* Resources */ = {
			isa = PBXResourcesBuildPhase;
			buildActionMask = 2147483647;
			files = (
				12B8598F1D0B02C000E883A6 /* LaunchScreen.storyboard in Resources */,
				125960361D220F52008487F4 /* Icon-60@2x.png in Resources */,
				12B8599F1D0B296F00E883A6 /* GoogleService-Info.plist in Resources */,
				12B859A71D10772500E883A6 /* possibleBackground1.jpg in Resources */,
				12B859A51D10770B00E883A6 /* possibleBackground1.jpg in Resources */,
				125960351D220F52008487F4 /* Icon-40@3x.png in Resources */,
				1209EB661D2060480031A64D /* signUpPhoto.jpeg in Resources */,
				125960341D220F52008487F4 /* Icon-40@2x.png in Resources */,
				12B8598C1D0B02C000E883A6 /* Assets.xcassets in Resources */,
				12B8598A1D0B02C000E883A6 /* Main.storyboard in Resources */,
				125960371D220F52008487F4 /* Icon-60@3x.png in Resources */,
			);
			runOnlyForDeploymentPostprocessing = 0;
		};
/* End PBXResourcesBuildPhase section */

/* Begin PBXShellScriptBuildPhase section */
		6779C66CB49FCA3F87814D98 /* 📦 Copy Pods Resources */ = {
			isa = PBXShellScriptBuildPhase;
			buildActionMask = 2147483647;
			files = (
			);
			inputPaths = (
			);
			name = "📦 Copy Pods Resources";
			outputPaths = (
			);
			runOnlyForDeploymentPostprocessing = 0;
			shellPath = /bin/sh;
			shellScript = "\"${SRCROOT}/Pods/Target Support Files/Pods-BarMate/Pods-BarMate-resources.sh\"\n";
			showEnvVarsInLog = 0;
		};
		DA85BF3C36D3511AFFCB235E /* 📦 Check Pods Manifest.lock */ = {
			isa = PBXShellScriptBuildPhase;
			buildActionMask = 2147483647;
			files = (
			);
			inputPaths = (
			);
			name = "📦 Check Pods Manifest.lock";
			outputPaths = (
			);
			runOnlyForDeploymentPostprocessing = 0;
			shellPath = /bin/sh;
			shellScript = "diff \"${PODS_ROOT}/../Podfile.lock\" \"${PODS_ROOT}/Manifest.lock\" > /dev/null\nif [[ $? != 0 ]] ; then\n    cat << EOM\nerror: The sandbox is not in sync with the Podfile.lock. Run 'pod install' or update your CocoaPods installation.\nEOM\n    exit 1\nfi\n";
			showEnvVarsInLog = 0;
		};
		FC708E0C263F87D4A717AC79 /* 📦 Embed Pods Frameworks */ = {
			isa = PBXShellScriptBuildPhase;
			buildActionMask = 2147483647;
			files = (
			);
			inputPaths = (
			);
			name = "📦 Embed Pods Frameworks";
			outputPaths = (
			);
			runOnlyForDeploymentPostprocessing = 0;
			shellPath = /bin/sh;
			shellScript = "\"${SRCROOT}/Pods/Target Support Files/Pods-BarMate/Pods-BarMate-frameworks.sh\"\n";
			showEnvVarsInLog = 0;
		};
/* End PBXShellScriptBuildPhase section */

/* Begin PBXSourcesBuildPhase section */
		12B8597D1D0B02C000E883A6 /* Sources */ = {
			isa = PBXSourcesBuildPhase;
			buildActionMask = 2147483647;
			files = (
				12B859A11D0EFACE00E883A6 /* OrderTableViewController.swift in Sources */,
				120158501D12E35A00055BA5 /* Bar.swift in Sources */,
				120158521D12ED2D00055BA5 /* Order.swift in Sources */,
				12B859991D0B0A7E00E883A6 /* LoginViewController.swift in Sources */,
				12B859871D0B02C000E883A6 /* BarSignUpViewController.swift in Sources */,
				12B859D41D11A18700E883A6 /* User.swift in Sources */,
				1201584E1D12E2F400055BA5 /* Drink.swift in Sources */,
				122033A71D1880FC005BFF5A /* orderCell.swift in Sources */,
				12B859851D0B02C000E883A6 /* AppDelegate.swift in Sources */,
			);
			runOnlyForDeploymentPostprocessing = 0;
		};
/* End PBXSourcesBuildPhase section */

/* Begin PBXVariantGroup section */
		12B859881D0B02C000E883A6 /* Main.storyboard */ = {
			isa = PBXVariantGroup;
			children = (
				12B859891D0B02C000E883A6 /* Base */,
			);
			name = Main.storyboard;
			sourceTree = "<group>";
		};
		12B8598D1D0B02C000E883A6 /* LaunchScreen.storyboard */ = {
			isa = PBXVariantGroup;
			children = (
				12B8598E1D0B02C000E883A6 /* Base */,
			);
			name = LaunchScreen.storyboard;
			sourceTree = "<group>";
		};
/* End PBXVariantGroup section */

/* Begin XCBuildConfiguration section */
		12B859911D0B02C000E883A6 /* Debug */ = {
			isa = XCBuildConfiguration;
			buildSettings = {
				ALWAYS_SEARCH_USER_PATHS = NO;
				CLANG_ANALYZER_NONNULL = YES;
				CLANG_CXX_LANGUAGE_STANDARD = "gnu++0x";
				CLANG_CXX_LIBRARY = "libc++";
				CLANG_ENABLE_MODULES = YES;
				CLANG_ENABLE_OBJC_ARC = YES;
				CLANG_WARN_BOOL_CONVERSION = YES;
				CLANG_WARN_CONSTANT_CONVERSION = YES;
				CLANG_WARN_DIRECT_OBJC_ISA_USAGE = YES_ERROR;
				CLANG_WARN_EMPTY_BODY = YES;
				CLANG_WARN_ENUM_CONVERSION = YES;
				CLANG_WARN_INT_CONVERSION = YES;
				CLANG_WARN_OBJC_ROOT_CLASS = YES_ERROR;
				CLANG_WARN_UNREACHABLE_CODE = YES;
				CLANG_WARN__DUPLICATE_METHOD_MATCH = YES;
				"CODE_SIGN_IDENTITY[sdk=iphoneos*]" = "iPhone Developer";
				COPY_PHASE_STRIP = NO;
				DEBUG_INFORMATION_FORMAT = dwarf;
				ENABLE_STRICT_OBJC_MSGSEND = YES;
				ENABLE_TESTABILITY = YES;
				GCC_C_LANGUAGE_STANDARD = gnu99;
				GCC_DYNAMIC_NO_PIC = NO;
				GCC_NO_COMMON_BLOCKS = YES;
				GCC_OPTIMIZATION_LEVEL = 0;
				GCC_PREPROCESSOR_DEFINITIONS = (
					"DEBUG=1",
					"$(inherited)",
				);
				GCC_WARN_64_TO_32_BIT_CONVERSION = YES;
				GCC_WARN_ABOUT_RETURN_TYPE = YES_ERROR;
				GCC_WARN_UNDECLARED_SELECTOR = YES;
				GCC_WARN_UNINITIALIZED_AUTOS = YES_AGGRESSIVE;
				GCC_WARN_UNUSED_FUNCTION = YES;
				GCC_WARN_UNUSED_VARIABLE = YES;
				IPHONEOS_DEPLOYMENT_TARGET = 9.3;
				MTL_ENABLE_DEBUG_INFO = YES;
				ONLY_ACTIVE_ARCH = YES;
				SDKROOT = iphoneos;
				SWIFT_OPTIMIZATION_LEVEL = "-Onone";
			};
			name = Debug;
		};
		12B859921D0B02C000E883A6 /* Release */ = {
			isa = XCBuildConfiguration;
			buildSettings = {
				ALWAYS_SEARCH_USER_PATHS = NO;
				CLANG_ANALYZER_NONNULL = YES;
				CLANG_CXX_LANGUAGE_STANDARD = "gnu++0x";
				CLANG_CXX_LIBRARY = "libc++";
				CLANG_ENABLE_MODULES = YES;
				CLANG_ENABLE_OBJC_ARC = YES;
				CLANG_WARN_BOOL_CONVERSION = YES;
				CLANG_WARN_CONSTANT_CONVERSION = YES;
				CLANG_WARN_DIRECT_OBJC_ISA_USAGE = YES_ERROR;
				CLANG_WARN_EMPTY_BODY = YES;
				CLANG_WARN_ENUM_CONVERSION = YES;
				CLANG_WARN_INT_CONVERSION = YES;
				CLANG_WARN_OBJC_ROOT_CLASS = YES_ERROR;
				CLANG_WARN_UNREACHABLE_CODE = YES;
				CLANG_WARN__DUPLICATE_METHOD_MATCH = YES;
				"CODE_SIGN_IDENTITY[sdk=iphoneos*]" = "iPhone Developer";
				COPY_PHASE_STRIP = NO;
				DEBUG_INFORMATION_FORMAT = "dwarf-with-dsym";
				ENABLE_NS_ASSERTIONS = NO;
				ENABLE_STRICT_OBJC_MSGSEND = YES;
				GCC_C_LANGUAGE_STANDARD = gnu99;
				GCC_NO_COMMON_BLOCKS = YES;
				GCC_WARN_64_TO_32_BIT_CONVERSION = YES;
				GCC_WARN_ABOUT_RETURN_TYPE = YES_ERROR;
				GCC_WARN_UNDECLARED_SELECTOR = YES;
				GCC_WARN_UNINITIALIZED_AUTOS = YES_AGGRESSIVE;
				GCC_WARN_UNUSED_FUNCTION = YES;
				GCC_WARN_UNUSED_VARIABLE = YES;
				IPHONEOS_DEPLOYMENT_TARGET = 9.3;
				MTL_ENABLE_DEBUG_INFO = NO;
				SDKROOT = iphoneos;
				VALIDATE_PRODUCT = YES;
			};
			name = Release;
		};
		12B859941D0B02C000E883A6 /* Debug */ = {
			isa = XCBuildConfiguration;
			baseConfigurationReference = 6839321182F643C35B0BB312 /* Pods-BarMate.debug.xcconfig */;
			buildSettings = {
				ASSETCATALOG_COMPILER_APPICON_NAME = AppIcon;
				INFOPLIST_FILE = BarMate/Info.plist;
				LD_RUNPATH_SEARCH_PATHS = "$(inherited) @executable_path/Frameworks";
				PRODUCT_BUNDLE_IDENTIFIER = "Jorge-Catalan.BarMate";
				PRODUCT_NAME = "Bar Mate";
				TARGETED_DEVICE_FAMILY = "1,2";
			};
			name = Debug;
		};
		12B859951D0B02C000E883A6 /* Release */ = {
			isa = XCBuildConfiguration;
			baseConfigurationReference = B9133997B4543C36D80D68C7 /* Pods-BarMate.release.xcconfig */;
			buildSettings = {
				ASSETCATALOG_COMPILER_APPICON_NAME = AppIcon;
				INFOPLIST_FILE = BarMate/Info.plist;
				LD_RUNPATH_SEARCH_PATHS = "$(inherited) @executable_path/Frameworks";
				PRODUCT_BUNDLE_IDENTIFIER = "Jorge-Catalan.BarMate";
				PRODUCT_NAME = "Bar Mate";
				TARGETED_DEVICE_FAMILY = "1,2";
			};
			name = Release;
		};
/* End XCBuildConfiguration section */

/* Begin XCConfigurationList section */
		12B8597C1D0B02C000E883A6 /* Build configuration list for PBXProject "Bar Mate" */ = {
			isa = XCConfigurationList;
			buildConfigurations = (
				12B859911D0B02C000E883A6 /* Debug */,
				12B859921D0B02C000E883A6 /* Release */,
			);
			defaultConfigurationIsVisible = 0;
			defaultConfigurationName = Release;
		};
		12B859931D0B02C000E883A6 /* Build configuration list for PBXNativeTarget "Bar Mate" */ = {
			isa = XCConfigurationList;
			buildConfigurations = (
				12B859941D0B02C000E883A6 /* Debug */,
				12B859951D0B02C000E883A6 /* Release */,
			);
			defaultConfigurationIsVisible = 0;
			defaultConfigurationName = Release;
		};
/* End XCConfigurationList section */
	};
	rootObject = 12B859791D0B02C000E883A6 /* Project object */;
}
